// !$*UTF8*$!
{
	archiveVersion = 1;
	classes = {
	};
	objectVersion = 56;
	objects = {

/* Begin PBXBuildFile section */
		346AE71728EDEEE40080145A /* AppDelegate.swift in Sources */ = {isa = PBXBuildFile; fileRef = 346AE71628EDEEE40080145A /* AppDelegate.swift */; };
		346AE71928EDEEE40080145A /* SceneDelegate.swift in Sources */ = {isa = PBXBuildFile; fileRef = 346AE71828EDEEE40080145A /* SceneDelegate.swift */; };
		346AE71B28EDEEE40080145A /* HomeVC.swift in Sources */ = {isa = PBXBuildFile; fileRef = 346AE71A28EDEEE40080145A /* HomeVC.swift */; };
		346AE72028EDEEE60080145A /* Assets.xcassets in Resources */ = {isa = PBXBuildFile; fileRef = 346AE71F28EDEEE60080145A /* Assets.xcassets */; };
		346AE72328EDEEE60080145A /* LaunchScreen.storyboard in Resources */ = {isa = PBXBuildFile; fileRef = 346AE72128EDEEE60080145A /* LaunchScreen.storyboard */; };
		346AE72C28EDF2A40080145A /* HomeScreen.swift in Sources */ = {isa = PBXBuildFile; fileRef = 346AE72B28EDF2A40080145A /* HomeScreen.swift */; };
		346AE72F28EDF5360080145A /* UIView + Extension.swift in Sources */ = {isa = PBXBuildFile; fileRef = 346AE72E28EDF5360080145A /* UIView + Extension.swift */; };
		346AE73128EDF7140080145A /* UIColor + Extension.swift in Sources */ = {isa = PBXBuildFile; fileRef = 346AE73028EDF7140080145A /* UIColor + Extension.swift */; };
		346AE73328EE00E20080145A /* HomeViewModel.swift in Sources */ = {isa = PBXBuildFile; fileRef = 346AE73228EE00E20080145A /* HomeViewModel.swift */; };
		346AE73728EE03EA0080145A /* StoryCardCollectionViewCell.swift in Sources */ = {isa = PBXBuildFile; fileRef = 346AE73628EE03EA0080145A /* StoryCardCollectionViewCell.swift */; };
		346AE73A28EE044A0080145A /* StoryCardCollectionViewCellScreen.swift in Sources */ = {isa = PBXBuildFile; fileRef = 346AE73928EE044A0080145A /* StoryCardCollectionViewCellScreen.swift */; };
		346AE73D28EE11420080145A /* StoryCardViewModel.swift in Sources */ = {isa = PBXBuildFile; fileRef = 346AE73C28EE11420080145A /* StoryCardViewModel.swift */; };
		346AE74028EE26CF0080145A /* Stories.swift in Sources */ = {isa = PBXBuildFile; fileRef = 346AE73F28EE26CF0080145A /* Stories.swift */; };
		346AE74528EE2C750080145A /* StoryCollectionViewCell.swift in Sources */ = {isa = PBXBuildFile; fileRef = 346AE74428EE2C750080145A /* StoryCollectionViewCell.swift */; };
		346AE74828EE2CD70080145A /* StoryCollectionViewCellScreen.swift in Sources */ = {isa = PBXBuildFile; fileRef = 346AE74728EE2CD70080145A /* StoryCollectionViewCellScreen.swift */; };
		346AE74E28EED9520080145A /* PostCardCollectionViewCell.swift in Sources */ = {isa = PBXBuildFile; fileRef = 346AE74D28EED9520080145A /* PostCardCollectionViewCell.swift */; };
		346AE75128EED9520080145A /* PostCardCollectionViewCellScreen.swift in Sources */ = {isa = PBXBuildFile; fileRef = 346AE75028EED9520080145A /* PostCardCollectionViewCellScreen.swift */; };
		346AE75328EED9520080145A /* Posts.swift in Sources */ = {isa = PBXBuildFile; fileRef = 346AE75228EED9520080145A /* Posts.swift */; };
		346AE75628EED9520080145A /* PostCardViewModel.swift in Sources */ = {isa = PBXBuildFile; fileRef = 346AE75528EED9520080145A /* PostCardViewModel.swift */; };
		346AE75928EED9520080145A /* PostCollectionViewCell.swift in Sources */ = {isa = PBXBuildFile; fileRef = 346AE75828EED9520080145A /* PostCollectionViewCell.swift */; };
		346AE75C28EED9520080145A /* PostCollectionViewCellScreen.swift in Sources */ = {isa = PBXBuildFile; fileRef = 346AE75B28EED9520080145A /* PostCollectionViewCellScreen.swift */; };
/* End PBXBuildFile section */

/* Begin PBXFileReference section */
		346AE71328EDEEE40080145A /* PrimeiroAppMVVM.app */ = {isa = PBXFileReference; explicitFileType = wrapper.application; includeInIndex = 0; path = PrimeiroAppMVVM.app; sourceTree = BUILT_PRODUCTS_DIR; };
		346AE71628EDEEE40080145A /* AppDelegate.swift */ = {isa = PBXFileReference; lastKnownFileType = sourcecode.swift; path = AppDelegate.swift; sourceTree = "<group>"; };
		346AE71828EDEEE40080145A /* SceneDelegate.swift */ = {isa = PBXFileReference; lastKnownFileType = sourcecode.swift; path = SceneDelegate.swift; sourceTree = "<group>"; };
		346AE71A28EDEEE40080145A /* HomeVC.swift */ = {isa = PBXFileReference; lastKnownFileType = sourcecode.swift; path = HomeVC.swift; sourceTree = "<group>"; };
		346AE71F28EDEEE60080145A /* Assets.xcassets */ = {isa = PBXFileReference; lastKnownFileType = folder.assetcatalog; path = Assets.xcassets; sourceTree = "<group>"; };
		346AE72228EDEEE60080145A /* Base */ = {isa = PBXFileReference; lastKnownFileType = file.storyboard; name = Base; path = Base.lproj/LaunchScreen.storyboard; sourceTree = "<group>"; };
		346AE72428EDEEE60080145A /* Info.plist */ = {isa = PBXFileReference; lastKnownFileType = text.plist.xml; path = Info.plist; sourceTree = "<group>"; };
		346AE72B28EDF2A40080145A /* HomeScreen.swift */ = {isa = PBXFileReference; lastKnownFileType = sourcecode.swift; path = HomeScreen.swift; sourceTree = "<group>"; };
		346AE72E28EDF5360080145A /* UIView + Extension.swift */ = {isa = PBXFileReference; lastKnownFileType = sourcecode.swift; path = "UIView + Extension.swift"; sourceTree = "<group>"; };
		346AE73028EDF7140080145A /* UIColor + Extension.swift */ = {isa = PBXFileReference; lastKnownFileType = sourcecode.swift; path = "UIColor + Extension.swift"; sourceTree = "<group>"; };
		346AE73228EE00E20080145A /* HomeViewModel.swift */ = {isa = PBXFileReference; lastKnownFileType = sourcecode.swift; path = HomeViewModel.swift; sourceTree = "<group>"; };
		346AE73628EE03EA0080145A /* StoryCardCollectionViewCell.swift */ = {isa = PBXFileReference; lastKnownFileType = sourcecode.swift; path = StoryCardCollectionViewCell.swift; sourceTree = "<group>"; };
		346AE73928EE044A0080145A /* StoryCardCollectionViewCellScreen.swift */ = {isa = PBXFileReference; lastKnownFileType = sourcecode.swift; path = StoryCardCollectionViewCellScreen.swift; sourceTree = "<group>"; };
		346AE73C28EE11420080145A /* StoryCardViewModel.swift */ = {isa = PBXFileReference; lastKnownFileType = sourcecode.swift; path = StoryCardViewModel.swift; sourceTree = "<group>"; };
		346AE73F28EE26CF0080145A /* Stories.swift */ = {isa = PBXFileReference; lastKnownFileType = sourcecode.swift; path = Stories.swift; sourceTree = "<group>"; };
		346AE74428EE2C750080145A /* StoryCollectionViewCell.swift */ = {isa = PBXFileReference; lastKnownFileType = sourcecode.swift; path = StoryCollectionViewCell.swift; sourceTree = "<group>"; };
		346AE74728EE2CD70080145A /* StoryCollectionViewCellScreen.swift */ = {isa = PBXFileReference; lastKnownFileType = sourcecode.swift; path = StoryCollectionViewCellScreen.swift; sourceTree = "<group>"; };
		346AE74D28EED9520080145A /* PostCardCollectionViewCell.swift */ = {isa = PBXFileReference; lastKnownFileType = sourcecode.swift; path = PostCardCollectionViewCell.swift; sourceTree = "<group>"; };
		346AE75028EED9520080145A /* PostCardCollectionViewCellScreen.swift */ = {isa = PBXFileReference; lastKnownFileType = sourcecode.swift; path = PostCardCollectionViewCellScreen.swift; sourceTree = "<group>"; };
		346AE75228EED9520080145A /* Posts.swift */ = {isa = PBXFileReference; lastKnownFileType = sourcecode.swift; path = Posts.swift; sourceTree = "<group>"; };
		346AE75528EED9520080145A /* PostCardViewModel.swift */ = {isa = PBXFileReference; lastKnownFileType = sourcecode.swift; path = PostCardViewModel.swift; sourceTree = "<group>"; };
		346AE75828EED9520080145A /* PostCollectionViewCell.swift */ = {isa = PBXFileReference; lastKnownFileType = sourcecode.swift; path = PostCollectionViewCell.swift; sourceTree = "<group>"; };
		346AE75B28EED9520080145A /* PostCollectionViewCellScreen.swift */ = {isa = PBXFileReference; lastKnownFileType = sourcecode.swift; path = PostCollectionViewCellScreen.swift; sourceTree = "<group>"; };
/* End PBXFileReference section */

/* Begin PBXFrameworksBuildPhase section */
		346AE71028EDEEE40080145A /* Frameworks */ = {
			isa = PBXFrameworksBuildPhase;
			buildActionMask = 2147483647;
			files = (
			);
			runOnlyForDeploymentPostprocessing = 0;
		};
/* End PBXFrameworksBuildPhase section */

/* Begin PBXGroup section */
		346AE70A28EDEEE40080145A = {
			isa = PBXGroup;
			children = (
				346AE71528EDEEE40080145A /* PrimeiroAppMVVM */,
				346AE71428EDEEE40080145A /* Products */,
			);
			sourceTree = "<group>";
		};
		346AE71428EDEEE40080145A /* Products */ = {
			isa = PBXGroup;
			children = (
				346AE71328EDEEE40080145A /* PrimeiroAppMVVM.app */,
			);
			name = Products;
			sourceTree = "<group>";
		};
		346AE71528EDEEE40080145A /* PrimeiroAppMVVM */ = {
			isa = PBXGroup;
			children = (
				346AE73E28EE26B60080145A /* Model */,
				346AE72D28EDF5140080145A /* Extension */,
				346AE72A28EDF2800080145A /* HomeVC */,
				346AE71628EDEEE40080145A /* AppDelegate.swift */,
				346AE71828EDEEE40080145A /* SceneDelegate.swift */,
				346AE71F28EDEEE60080145A /* Assets.xcassets */,
				346AE72128EDEEE60080145A /* LaunchScreen.storyboard */,
				346AE72428EDEEE60080145A /* Info.plist */,
			);
			path = PrimeiroAppMVVM;
			sourceTree = "<group>";
		};
		346AE72A28EDF2800080145A /* HomeVC */ = {
			isa = PBXGroup;
			children = (
				346AE73428EE03A10080145A /* Cell */,
				346AE74228EE27240080145A /* ViewModel */,
				346AE74128EE271A0080145A /* Screen */,
				346AE71A28EDEEE40080145A /* HomeVC.swift */,
			);
			path = HomeVC;
			sourceTree = "<group>";
		};
		346AE72D28EDF5140080145A /* Extension */ = {
			isa = PBXGroup;
			children = (
				346AE72E28EDF5360080145A /* UIView + Extension.swift */,
				346AE73028EDF7140080145A /* UIColor + Extension.swift */,
			);
			path = Extension;
			sourceTree = "<group>";
		};
		346AE73428EE03A10080145A /* Cell */ = {
			isa = PBXGroup;
			children = (
				346AE74B28EED9520080145A /* Post */,
				346AE74A28EED9520080145A /* Story */,
			);
			path = Cell;
			sourceTree = "<group>";
		};
		346AE73528EE03AB0080145A /* StoryCardCollectionViewCell */ = {
			isa = PBXGroup;
			children = (
				346AE73B28EE11250080145A /* ViewModel */,
				346AE73828EE04320080145A /* Screen */,
				346AE73628EE03EA0080145A /* StoryCardCollectionViewCell.swift */,
			);
			path = StoryCardCollectionViewCell;
			sourceTree = "<group>";
		};
		346AE73828EE04320080145A /* Screen */ = {
			isa = PBXGroup;
			children = (
				346AE73928EE044A0080145A /* StoryCardCollectionViewCellScreen.swift */,
			);
			path = Screen;
			sourceTree = "<group>";
		};
		346AE73B28EE11250080145A /* ViewModel */ = {
			isa = PBXGroup;
			children = (
				346AE73C28EE11420080145A /* StoryCardViewModel.swift */,
			);
			path = ViewModel;
			sourceTree = "<group>";
		};
		346AE73E28EE26B60080145A /* Model */ = {
			isa = PBXGroup;
			children = (
				346AE73F28EE26CF0080145A /* Stories.swift */,
				346AE75228EED9520080145A /* Posts.swift */,
			);
			path = Model;
			sourceTree = "<group>";
		};
		346AE74128EE271A0080145A /* Screen */ = {
			isa = PBXGroup;
			children = (
				346AE72B28EDF2A40080145A /* HomeScreen.swift */,
			);
			path = Screen;
			sourceTree = "<group>";
		};
		346AE74228EE27240080145A /* ViewModel */ = {
			isa = PBXGroup;
			children = (
				346AE73228EE00E20080145A /* HomeViewModel.swift */,
			);
			path = ViewModel;
			sourceTree = "<group>";
		};
		346AE74328EE2C490080145A /* StoryCollectionViewCell */ = {
			isa = PBXGroup;
			children = (
				346AE74628EE2CC00080145A /* Screen */,
				346AE74428EE2C750080145A /* StoryCollectionViewCell.swift */,
			);
			path = StoryCollectionViewCell;
			sourceTree = "<group>";
		};
		346AE74628EE2CC00080145A /* Screen */ = {
			isa = PBXGroup;
			children = (
				346AE74728EE2CD70080145A /* StoryCollectionViewCellScreen.swift */,
			);
			path = Screen;
			sourceTree = "<group>";
		};
		346AE74A28EED9520080145A /* Story */ = {
			isa = PBXGroup;
			children = (
				346AE74328EE2C490080145A /* StoryCollectionViewCell */,
				346AE73528EE03AB0080145A /* StoryCardCollectionViewCell */,
			);
			path = Story;
			sourceTree = "<group>";
		};
		346AE74B28EED9520080145A /* Post */ = {
			isa = PBXGroup;
			children = (
				346AE75728EED9520080145A /* PostCollectionViewCell */,
				346AE74C28EED9520080145A /* PostCardCollectionViewCell */,
			);
			path = Post;
			sourceTree = "<group>";
		};
		346AE74C28EED9520080145A /* PostCardCollectionViewCell */ = {
			isa = PBXGroup;
			children = (
				346AE75428EED9520080145A /* ViewModel */,
				346AE74F28EED9520080145A /* Screen */,
				346AE74D28EED9520080145A /* PostCardCollectionViewCell.swift */,
			);
			path = PostCardCollectionViewCell;
			sourceTree = "<group>";
		};
		346AE74F28EED9520080145A /* Screen */ = {
			isa = PBXGroup;
			children = (
				346AE75028EED9520080145A /* PostCardCollectionViewCellScreen.swift */,
			);
			path = Screen;
			sourceTree = "<group>";
		};
		346AE75428EED9520080145A /* ViewModel */ = {
			isa = PBXGroup;
			children = (
				346AE75528EED9520080145A /* PostCardViewModel.swift */,
			);
			path = ViewModel;
			sourceTree = "<group>";
		};
		346AE75728EED9520080145A /* PostCollectionViewCell */ = {
			isa = PBXGroup;
			children = (
				346AE75A28EED9520080145A /* Screen */,
				346AE75828EED9520080145A /* PostCollectionViewCell.swift */,
			);
			path = PostCollectionViewCell;
			sourceTree = "<group>";
		};
		346AE75A28EED9520080145A /* Screen */ = {
			isa = PBXGroup;
			children = (
				346AE75B28EED9520080145A /* PostCollectionViewCellScreen.swift */,
			);
			path = Screen;
			sourceTree = "<group>";
		};
/* End PBXGroup section */

/* Begin PBXNativeTarget section */
		346AE71228EDEEE40080145A /* PrimeiroAppMVVM */ = {
			isa = PBXNativeTarget;
			buildConfigurationList = 346AE72728EDEEE60080145A /* Build configuration list for PBXNativeTarget "PrimeiroAppMVVM" */;
			buildPhases = (
				346AE70F28EDEEE40080145A /* Sources */,
				346AE71028EDEEE40080145A /* Frameworks */,
				346AE71128EDEEE40080145A /* Resources */,
			);
			buildRules = (
			);
			dependencies = (
			);
			name = PrimeiroAppMVVM;
			productName = PrimeiroAppMVVM;
			productReference = 346AE71328EDEEE40080145A /* PrimeiroAppMVVM.app */;
			productType = "com.apple.product-type.application";
		};
/* End PBXNativeTarget section */

/* Begin PBXProject section */
		346AE70B28EDEEE40080145A /* Project object */ = {
			isa = PBXProject;
			attributes = {
				BuildIndependentTargetsInParallel = 1;
				LastSwiftUpdateCheck = 1400;
				LastUpgradeCheck = 1400;
				TargetAttributes = {
					346AE71228EDEEE40080145A = {
						CreatedOnToolsVersion = 14.0.1;
					};
				};
			};
			buildConfigurationList = 346AE70E28EDEEE40080145A /* Build configuration list for PBXProject "PrimeiroAppMVVM" */;
			compatibilityVersion = "Xcode 14.0";
			developmentRegion = en;
			hasScannedForEncodings = 0;
			knownRegions = (
				en,
				Base,
			);
			mainGroup = 346AE70A28EDEEE40080145A;
			productRefGroup = 346AE71428EDEEE40080145A /* Products */;
			projectDirPath = "";
			projectRoot = "";
			targets = (
				346AE71228EDEEE40080145A /* PrimeiroAppMVVM */,
			);
		};
/* End PBXProject section */

/* Begin PBXResourcesBuildPhase section */
		346AE71128EDEEE40080145A /* Resources */ = {
			isa = PBXResourcesBuildPhase;
			buildActionMask = 2147483647;
			files = (
				346AE72328EDEEE60080145A /* LaunchScreen.storyboard in Resources */,
				346AE72028EDEEE60080145A /* Assets.xcassets in Resources */,
			);
			runOnlyForDeploymentPostprocessing = 0;
		};
/* End PBXResourcesBuildPhase section */

/* Begin PBXSourcesBuildPhase section */
		346AE70F28EDEEE40080145A /* Sources */ = {
			isa = PBXSourcesBuildPhase;
			buildActionMask = 2147483647;
			files = (
				346AE72C28EDF2A40080145A /* HomeScreen.swift in Sources */,
				346AE75C28EED9520080145A /* PostCollectionViewCellScreen.swift in Sources */,
				346AE74828EE2CD70080145A /* StoryCollectionViewCellScreen.swift in Sources */,
				346AE74E28EED9520080145A /* PostCardCollectionViewCell.swift in Sources */,
				346AE71B28EDEEE40080145A /* HomeVC.swift in Sources */,
				346AE73728EE03EA0080145A /* StoryCardCollectionViewCell.swift in Sources */,
				346AE73328EE00E20080145A /* HomeViewModel.swift in Sources */,
				346AE74528EE2C750080145A /* StoryCollectionViewCell.swift in Sources */,
				346AE73D28EE11420080145A /* StoryCardViewModel.swift in Sources */,
				346AE75928EED9520080145A /* PostCollectionViewCell.swift in Sources */,
				346AE75628EED9520080145A /* PostCardViewModel.swift in Sources */,
				346AE75128EED9520080145A /* PostCardCollectionViewCellScreen.swift in Sources */,
				346AE74028EE26CF0080145A /* Stories.swift in Sources */,
				346AE71728EDEEE40080145A /* AppDelegate.swift in Sources */,
				346AE73128EDF7140080145A /* UIColor + Extension.swift in Sources */,
				346AE72F28EDF5360080145A /* UIView + Extension.swift in Sources */,
				346AE71928EDEEE40080145A /* SceneDelegate.swift in Sources */,
				346AE73A28EE044A0080145A /* StoryCardCollectionViewCellScreen.swift in Sources */,
				346AE75328EED9520080145A /* Posts.swift in Sources */,
			);
			runOnlyForDeploymentPostprocessing = 0;
		};
/* End PBXSourcesBuildPhase section */

/* Begin PBXVariantGroup section */
		346AE72128EDEEE60080145A /* LaunchScreen.storyboard */ = {
			isa = PBXVariantGroup;
			children = (
				346AE72228EDEEE60080145A /* Base */,
			);
			name = LaunchScreen.storyboard;
			sourceTree = "<group>";
		};
/* End PBXVariantGroup section */

/* Begin XCBuildConfiguration section */
		346AE72528EDEEE60080145A /* Debug */ = {
			isa = XCBuildConfiguration;
			buildSettings = {
				ALWAYS_SEARCH_USER_PATHS = NO;
				CLANG_ANALYZER_NONNULL = YES;
				CLANG_ANALYZER_NUMBER_OBJECT_CONVERSION = YES_AGGRESSIVE;
				CLANG_CXX_LANGUAGE_STANDARD = "gnu++20";
				CLANG_ENABLE_MODULES = YES;
				CLANG_ENABLE_OBJC_ARC = YES;
				CLANG_ENABLE_OBJC_WEAK = YES;
				CLANG_WARN_BLOCK_CAPTURE_AUTORELEASING = YES;
				CLANG_WARN_BOOL_CONVERSION = YES;
				CLANG_WARN_COMMA = YES;
				CLANG_WARN_CONSTANT_CONVERSION = YES;
				CLANG_WARN_DEPRECATED_OBJC_IMPLEMENTATIONS = YES;
				CLANG_WARN_DIRECT_OBJC_ISA_USAGE = YES_ERROR;
				CLANG_WARN_DOCUMENTATION_COMMENTS = YES;
				CLANG_WARN_EMPTY_BODY = YES;
				CLANG_WARN_ENUM_CONVERSION = YES;
				CLANG_WARN_INFINITE_RECURSION = YES;
				CLANG_WARN_INT_CONVERSION = YES;
				CLANG_WARN_NON_LITERAL_NULL_CONVERSION = YES;
				CLANG_WARN_OBJC_IMPLICIT_RETAIN_SELF = YES;
				CLANG_WARN_OBJC_LITERAL_CONVERSION = YES;
				CLANG_WARN_OBJC_ROOT_CLASS = YES_ERROR;
				CLANG_WARN_QUOTED_INCLUDE_IN_FRAMEWORK_HEADER = YES;
				CLANG_WARN_RANGE_LOOP_ANALYSIS = YES;
				CLANG_WARN_STRICT_PROTOTYPES = YES;
				CLANG_WARN_SUSPICIOUS_MOVE = YES;
				CLANG_WARN_UNGUARDED_AVAILABILITY = YES_AGGRESSIVE;
				CLANG_WARN_UNREACHABLE_CODE = YES;
				CLANG_WARN__DUPLICATE_METHOD_MATCH = YES;
				COPY_PHASE_STRIP = NO;
				DEBUG_INFORMATION_FORMAT = dwarf;
				ENABLE_STRICT_OBJC_MSGSEND = YES;
				ENABLE_TESTABILITY = YES;
				GCC_C_LANGUAGE_STANDARD = gnu11;
				GCC_DYNAMIC_NO_PIC = NO;
				GCC_NO_COMMON_BLOCKS = YES;
				GCC_OPTIMIZATION_LEVEL = 0;
				GCC_PREPROCESSOR_DEFINITIONS = (
					"DEBUG=1",
					"$(inherited)",
				);
				GCC_WARN_64_TO_32_BIT_CONVERSION = YES;
				GCC_WARN_ABOUT_RETURN_TYPE = YES_ERROR;
				GCC_WARN_UNDECLARED_SELECTOR = YES;
				GCC_WARN_UNINITIALIZED_AUTOS = YES_AGGRESSIVE;
				GCC_WARN_UNUSED_FUNCTION = YES;
				GCC_WARN_UNUSED_VARIABLE = YES;
				IPHONEOS_DEPLOYMENT_TARGET = 16.0;
				MTL_ENABLE_DEBUG_INFO = INCLUDE_SOURCE;
				MTL_FAST_MATH = YES;
				ONLY_ACTIVE_ARCH = YES;
				SDKROOT = iphoneos;
				SWIFT_ACTIVE_COMPILATION_CONDITIONS = DEBUG;
				SWIFT_OPTIMIZATION_LEVEL = "-Onone";
			};
			name = Debug;
		};
		346AE72628EDEEE60080145A /* Release */ = {
			isa = XCBuildConfiguration;
			buildSettings = {
				ALWAYS_SEARCH_USER_PATHS = NO;
				CLANG_ANALYZER_NONNULL = YES;
				CLANG_ANALYZER_NUMBER_OBJECT_CONVERSION = YES_AGGRESSIVE;
				CLANG_CXX_LANGUAGE_STANDARD = "gnu++20";
				CLANG_ENABLE_MODULES = YES;
				CLANG_ENABLE_OBJC_ARC = YES;
				CLANG_ENABLE_OBJC_WEAK = YES;
				CLANG_WARN_BLOCK_CAPTURE_AUTORELEASING = YES;
				CLANG_WARN_BOOL_CONVERSION = YES;
				CLANG_WARN_COMMA = YES;
				CLANG_WARN_CONSTANT_CONVERSION = YES;
				CLANG_WARN_DEPRECATED_OBJC_IMPLEMENTATIONS = YES;
				CLANG_WARN_DIRECT_OBJC_ISA_USAGE = YES_ERROR;
				CLANG_WARN_DOCUMENTATION_COMMENTS = YES;
				CLANG_WARN_EMPTY_BODY = YES;
				CLANG_WARN_ENUM_CONVERSION = YES;
				CLANG_WARN_INFINITE_RECURSION = YES;
				CLANG_WARN_INT_CONVERSION = YES;
				CLANG_WARN_NON_LITERAL_NULL_CONVERSION = YES;
				CLANG_WARN_OBJC_IMPLICIT_RETAIN_SELF = YES;
				CLANG_WARN_OBJC_LITERAL_CONVERSION = YES;
				CLANG_WARN_OBJC_ROOT_CLASS = YES_ERROR;
				CLANG_WARN_QUOTED_INCLUDE_IN_FRAMEWORK_HEADER = YES;
				CLANG_WARN_RANGE_LOOP_ANALYSIS = YES;
				CLANG_WARN_STRICT_PROTOTYPES = YES;
				CLANG_WARN_SUSPICIOUS_MOVE = YES;
				CLANG_WARN_UNGUARDED_AVAILABILITY = YES_AGGRESSIVE;
				CLANG_WARN_UNREACHABLE_CODE = YES;
				CLANG_WARN__DUPLICATE_METHOD_MATCH = YES;
				COPY_PHASE_STRIP = NO;
				DEBUG_INFORMATION_FORMAT = "dwarf-with-dsym";
				ENABLE_NS_ASSERTIONS = NO;
				ENABLE_STRICT_OBJC_MSGSEND = YES;
				GCC_C_LANGUAGE_STANDARD = gnu11;
				GCC_NO_COMMON_BLOCKS = YES;
				GCC_WARN_64_TO_32_BIT_CONVERSION = YES;
				GCC_WARN_ABOUT_RETURN_TYPE = YES_ERROR;
				GCC_WARN_UNDECLARED_SELECTOR = YES;
				GCC_WARN_UNINITIALIZED_AUTOS = YES_AGGRESSIVE;
				GCC_WARN_UNUSED_FUNCTION = YES;
				GCC_WARN_UNUSED_VARIABLE = YES;
				IPHONEOS_DEPLOYMENT_TARGET = 16.0;
				MTL_ENABLE_DEBUG_INFO = NO;
				MTL_FAST_MATH = YES;
				SDKROOT = iphoneos;
				SWIFT_COMPILATION_MODE = wholemodule;
				SWIFT_OPTIMIZATION_LEVEL = "-O";
				VALIDATE_PRODUCT = YES;
			};
			name = Release;
		};
		346AE72828EDEEE60080145A /* Debug */ = {
			isa = XCBuildConfiguration;
			buildSettings = {
				ASSETCATALOG_COMPILER_APPICON_NAME = AppIcon;
				ASSETCATALOG_COMPILER_GLOBAL_ACCENT_COLOR_NAME = AccentColor;
				CODE_SIGN_STYLE = Automatic;
				CURRENT_PROJECT_VERSION = 1;
				GENERATE_INFOPLIST_FILE = YES;
				INFOPLIST_FILE = PrimeiroAppMVVM/Info.plist;
				INFOPLIST_KEY_UIApplicationSupportsIndirectInputEvents = YES;
				INFOPLIST_KEY_UILaunchStoryboardName = LaunchScreen;
				INFOPLIST_KEY_UIMainStoryboardFile = "";
				INFOPLIST_KEY_UISupportedInterfaceOrientations_iPad = "UIInterfaceOrientationPortrait UIInterfaceOrientationPortraitUpsideDown UIInterfaceOrientationLandscapeLeft UIInterfaceOrientationLandscapeRight";
				INFOPLIST_KEY_UISupportedInterfaceOrientations_iPhone = "UIInterfaceOrientationPortrait UIInterfaceOrientationLandscapeLeft UIInterfaceOrientationLandscapeRight";
				LD_RUNPATH_SEARCH_PATHS = (
					"$(inherited)",
					"@executable_path/Frameworks",
				);
				MARKETING_VERSION = 1.0;
				PRODUCT_BUNDLE_IDENTIFIER = backFront.PrimeiroAppMVVM;
				PRODUCT_NAME = "$(TARGET_NAME)";
				SWIFT_EMIT_LOC_STRINGS = YES;
				SWIFT_VERSION = 5.0;
				TARGETED_DEVICE_FAMILY = "1,2";
			};
			name = Debug;
		};
		346AE72928EDEEE60080145A /* Release */ = {
			isa = XCBuildConfiguration;
			buildSettings = {
				ASSETCATALOG_COMPILER_APPICON_NAME = AppIcon;
				ASSETCATALOG_COMPILER_GLOBAL_ACCENT_COLOR_NAME = AccentColor;
				CODE_SIGN_STYLE = Automatic;
				CURRENT_PROJECT_VERSION = 1;
				GENERATE_INFOPLIST_FILE = YES;
				INFOPLIST_FILE = PrimeiroAppMVVM/Info.plist;
				INFOPLIST_KEY_UIApplicationSupportsIndirectInputEvents = YES;
				INFOPLIST_KEY_UILaunchStoryboardName = LaunchScreen;
				INFOPLIST_KEY_UIMainStoryboardFile = "";
				INFOPLIST_KEY_UISupportedInterfaceOrientations_iPad = "UIInterfaceOrientationPortrait UIInterfaceOrientationPortraitUpsideDown UIInterfaceOrientationLandscapeLeft UIInterfaceOrientationLandscapeRight";
				INFOPLIST_KEY_UISupportedInterfaceOrientations_iPhone = "UIInterfaceOrientationPortrait UIInterfaceOrientationLandscapeLeft UIInterfaceOrientationLandscapeRight";
				LD_RUNPATH_SEARCH_PATHS = (
					"$(inherited)",
					"@executable_path/Frameworks",
				);
				MARKETING_VERSION = 1.0;
				PRODUCT_BUNDLE_IDENTIFIER = backFront.PrimeiroAppMVVM;
				PRODUCT_NAME = "$(TARGET_NAME)";
				SWIFT_EMIT_LOC_STRINGS = YES;
				SWIFT_VERSION = 5.0;
				TARGETED_DEVICE_FAMILY = "1,2";
			};
			name = Release;
		};
/* End XCBuildConfiguration section */

/* Begin XCConfigurationList section */
		346AE70E28EDEEE40080145A /* Build configuration list for PBXProject "PrimeiroAppMVVM" */ = {
			isa = XCConfigurationList;
			buildConfigurations = (
				346AE72528EDEEE60080145A /* Debug */,
				346AE72628EDEEE60080145A /* Release */,
			);
			defaultConfigurationIsVisible = 0;
			defaultConfigurationName = Release;
		};
		346AE72728EDEEE60080145A /* Build configuration list for PBXNativeTarget "PrimeiroAppMVVM" */ = {
			isa = XCConfigurationList;
			buildConfigurations = (
				346AE72828EDEEE60080145A /* Debug */,
				346AE72928EDEEE60080145A /* Release */,
			);
			defaultConfigurationIsVisible = 0;
			defaultConfigurationName = Release;
		};
/* End XCConfigurationList section */
	};
	rootObject = 346AE70B28EDEEE40080145A /* Project object */;
}
